
Microsoft Visual Studio Solution File, Format Version 12.00
# Visual Studio Version 17
VisualStudioVersion = 17.7.34031.279
MinimumVisualStudioVersion = 10.0.40219.1
Project("{9A19103F-16F7-4668-BE54-9A1E7A4F7556}") = "TokenAuth", "TokenAuth.csproj", "{14E6038E-70B5-4129-A727-77F6BF1CF0CF}"
EndProject
Project("{9A19103F-16F7-4668-BE54-9A1E7A4F7556}") = "TestController", "..\TestController\TestController.csproj", "{7B90F55F-906D-41BF-BE25-062D2BF62397}"
EndProject
Project("{FAE04EC0-301F-11D3-BF4B-00C04F79EFBC}") = "APIClientLibrary", "..\APIClientLibrary\APIClientLibrary.csproj", "{D6C5CE49-D5B2-4B47-A84D-42FADD34AD8B}"
EndProject
Project("{FAE04EC0-301F-11D3-BF4B-00C04F79EFBC}") = "ConsumerClient", "..\ConsumerClient\ConsumerClient.csproj", "{6FA80348-0B2A-44DF-AB87-0A240CACBE82}"
EndProject
Global
	GlobalSection(SolutionConfigurationPlatforms) = preSolution
		Debug|Any CPU = Debug|Any CPU
		Release|Any CPU = Release|Any CPU
	EndGlobalSection
	GlobalSection(ProjectConfigurationPlatforms) = postSolution
		{14E6038E-70B5-4129-A727-77F6BF1CF0CF}.Debug|Any CPU.ActiveCfg = Debug|Any CPU
		{14E6038E-70B5-4129-A727-77F6BF1CF0CF}.Debug|Any CPU.Build.0 = Debug|Any CPU
		{14E6038E-70B5-4129-A727-77F6BF1CF0CF}.Release|Any CPU.ActiveCfg = Release|Any CPU
		{14E6038E-70B5-4129-A727-77F6BF1CF0CF}.Release|Any CPU.Build.0 = Release|Any CPU
		{7B90F55F-906D-41BF-BE25-062D2BF62397}.Debug|Any CPU.ActiveCfg = Debug|Any CPU
		{7B90F55F-906D-41BF-BE25-062D2BF62397}.Debug|Any CPU.Build.0 = Debug|Any CPU
		{7B90F55F-906D-41BF-BE25-062D2BF62397}.Release|Any CPU.ActiveCfg = Release|Any CPU
		{7B90F55F-906D-41BF-BE25-062D2BF62397}.Release|Any CPU.Build.0 = Release|Any CPU
		{D6C5CE49-D5B2-4B47-A84D-42FADD34AD8B}.Debug|Any CPU.ActiveCfg = Debug|Any CPU
		{D6C5CE49-D5B2-4B47-A84D-42FADD34AD8B}.Debug|Any CPU.Build.0 = Debug|Any CPU
		{D6C5CE49-D5B2-4B47-A84D-42FADD34AD8B}.Release|Any CPU.ActiveCfg = Release|Any CPU
		{D6C5CE49-D5B2-4B47-A84D-42FADD34AD8B}.Release|Any CPU.Build.0 = Release|Any CPU
		{6FA80348-0B2A-44DF-AB87-0A240CACBE82}.Debug|Any CPU.ActiveCfg = Debug|Any CPU
		{6FA80348-0B2A-44DF-AB87-0A240CACBE82}.Debug|Any CPU.Build.0 = Debug|Any CPU
		{6FA80348-0B2A-44DF-AB87-0A240CACBE82}.Release|Any CPU.ActiveCfg = Release|Any CPU
		{6FA80348-0B2A-44DF-AB87-0A240CACBE82}.Release|Any CPU.Build.0 = Release|Any CPU
	EndGlobalSection
	GlobalSection(SolutionProperties) = preSolution
		HideSolutionNode = FALSE
	EndGlobalSection
	GlobalSection(ExtensibilityGlobals) = postSolution
		SolutionGuid = {EFD9E11F-8905-4E37-A43A-333D07B44F04}
	EndGlobalSection
EndGlobal
